
Microsoft Visual Studio Solution File, Format Version 12.00
# Visual Studio 14
VisualStudioVersion = 14.0.24720.0
MinimumVisualStudioVersion = 10.0.40219.1
Project("{8BC9CEB8-8B4A-11D0-8D11-00A0C91BC942}") = "AplicacaoTCC", "AplicacaoTCC\AplicacaoTCC.vcxproj", "{E08BA8C7-4167-40F4-A683-9413269C620D}"
EndProject
Project("{8BC9CEB8-8B4A-11D0-8D11-00A0C91BC942}") = "BulletCollision", "Bibliotecas\bullet3-2.83.7\BUILD\src\BulletCollision\BulletCollision.vcxproj", "{FB6F4046-2D08-3287-8EF6-AEAA65503EE3}"
EndProject
Project("{8BC9CEB8-8B4A-11D0-8D11-00A0C91BC942}") = "BulletDynamics", "Bibliotecas\bullet3-2.83.7\BUILD\src\BulletDynamics\BulletDynamics.vcxproj", "{EA4D3B9F-91B0-3139-A972-6F86585C8FCD}"
EndProject
Project("{8BC9CEB8-8B4A-11D0-8D11-00A0C91BC942}") = "LinearMath", "Bibliotecas\bullet3-2.83.7\BUILD\src\LinearMath\LinearMath.vcxproj", "{DFA638E4-C70C-373C-834D-E5043F7764EB}"
EndProject
Global
	GlobalSection(SolutionConfigurationPlatforms) = preSolution
		Debug|x64 = Debug|x64
		Debug|x86 = Debug|x86
		MinSizeRel|x64 = MinSizeRel|x64
		MinSizeRel|x86 = MinSizeRel|x86
		Release|x64 = Release|x64
		Release|x86 = Release|x86
		RelWithDebInfo|x64 = RelWithDebInfo|x64
		RelWithDebInfo|x86 = RelWithDebInfo|x86
	EndGlobalSection
	GlobalSection(ProjectConfigurationPlatforms) = postSolution
		{E08BA8C7-4167-40F4-A683-9413269C620D}.Debug|x64.ActiveCfg = Debug|x64
		{E08BA8C7-4167-40F4-A683-9413269C620D}.Debug|x64.Build.0 = Debug|x64
		{E08BA8C7-4167-40F4-A683-9413269C620D}.Debug|x86.ActiveCfg = Debug|Win32
		{E08BA8C7-4167-40F4-A683-9413269C620D}.Debug|x86.Build.0 = Debug|Win32
		{E08BA8C7-4167-40F4-A683-9413269C620D}.MinSizeRel|x64.ActiveCfg = Release|x64
		{E08BA8C7-4167-40F4-A683-9413269C620D}.MinSizeRel|x64.Build.0 = Release|x64
		{E08BA8C7-4167-40F4-A683-9413269C620D}.MinSizeRel|x86.ActiveCfg = Release|Win32
		{E08BA8C7-4167-40F4-A683-9413269C620D}.MinSizeRel|x86.Build.0 = Release|Win32
		{E08BA8C7-4167-40F4-A683-9413269C620D}.Release|x64.ActiveCfg = Release|x64
		{E08BA8C7-4167-40F4-A683-9413269C620D}.Release|x64.Build.0 = Release|x64
		{E08BA8C7-4167-40F4-A683-9413269C620D}.Release|x86.ActiveCfg = Release|Win32
		{E08BA8C7-4167-40F4-A683-9413269C620D}.Release|x86.Build.0 = Release|Win32
		{E08BA8C7-4167-40F4-A683-9413269C620D}.RelWithDebInfo|x64.ActiveCfg = Release|x64
		{E08BA8C7-4167-40F4-A683-9413269C620D}.RelWithDebInfo|x64.Build.0 = Release|x64
		{E08BA8C7-4167-40F4-A683-9413269C620D}.RelWithDebInfo|x86.ActiveCfg = Release|Win32
		{E08BA8C7-4167-40F4-A683-9413269C620D}.RelWithDebInfo|x86.Build.0 = Release|Win32
		{FB6F4046-2D08-3287-8EF6-AEAA65503EE3}.Debug|x64.ActiveCfg = Debug|x64
		{FB6F4046-2D08-3287-8EF6-AEAA65503EE3}.Debug|x64.Build.0 = Debug|x64
		{FB6F4046-2D08-3287-8EF6-AEAA65503EE3}.Debug|x86.ActiveCfg = Debug|x64
		{FB6F4046-2D08-3287-8EF6-AEAA65503EE3}.MinSizeRel|x64.ActiveCfg = MinSizeRel|x64
		{FB6F4046-2D08-3287-8EF6-AEAA65503EE3}.MinSizeRel|x64.Build.0 = MinSizeRel|x64
		{FB6F4046-2D08-3287-8EF6-AEAA65503EE3}.MinSizeRel|x86.ActiveCfg = MinSizeRel|x64
		{FB6F4046-2D08-3287-8EF6-AEAA65503EE3}.Release|x64.ActiveCfg = Release|x64
		{FB6F4046-2D08-3287-8EF6-AEAA65503EE3}.Release|x64.Build.0 = Release|x64
		{FB6F4046-2D08-3287-8EF6-AEAA65503EE3}.Release|x86.ActiveCfg = Release|x64
		{FB6F4046-2D08-3287-8EF6-AEAA65503EE3}.RelWithDebInfo|x64.ActiveCfg = RelWithDebInfo|x64
		{FB6F4046-2D08-3287-8EF6-AEAA65503EE3}.RelWithDebInfo|x64.Build.0 = RelWithDebInfo|x64
		{FB6F4046-2D08-3287-8EF6-AEAA65503EE3}.RelWithDebInfo|x86.ActiveCfg = RelWithDebInfo|x64
		{EA4D3B9F-91B0-3139-A972-6F86585C8FCD}.Debug|x64.ActiveCfg = Debug|x64
		{EA4D3B9F-91B0-3139-A972-6F86585C8FCD}.Debug|x64.Build.0 = Debug|x64
		{EA4D3B9F-91B0-3139-A972-6F86585C8FCD}.Debug|x86.ActiveCfg = Debug|x64
		{EA4D3B9F-91B0-3139-A972-6F86585C8FCD}.MinSizeRel|x64.ActiveCfg = MinSizeRel|x64
		{EA4D3B9F-91B0-3139-A972-6F86585C8FCD}.MinSizeRel|x64.Build.0 = MinSizeRel|x64
		{EA4D3B9F-91B0-3139-A972-6F86585C8FCD}.MinSizeRel|x86.ActiveCfg = MinSizeRel|x64
		{EA4D3B9F-91B0-3139-A972-6F86585C8FCD}.Release|x64.ActiveCfg = Release|x64
		{EA4D3B9F-91B0-3139-A972-6F86585C8FCD}.Release|x64.Build.0 = Release|x64
		{EA4D3B9F-91B0-3139-A972-6F86585C8FCD}.Release|x86.ActiveCfg = Release|x64
		{EA4D3B9F-91B0-3139-A972-6F86585C8FCD}.RelWithDebInfo|x64.ActiveCfg = RelWithDebInfo|x64
		{EA4D3B9F-91B0-3139-A972-6F86585C8FCD}.RelWithDebInfo|x64.Build.0 = RelWithDebInfo|x64
		{EA4D3B9F-91B0-3139-A972-6F86585C8FCD}.RelWithDebInfo|x86.ActiveCfg = RelWithDebInfo|x64
		{DFA638E4-C70C-373C-834D-E5043F7764EB}.Debug|x64.ActiveCfg = Debug|x64
		{DFA638E4-C70C-373C-834D-E5043F7764EB}.Debug|x64.Build.0 = Debug|x64
		{DFA638E4-C70C-373C-834D-E5043F7764EB}.Debug|x86.ActiveCfg = Debug|x64
		{DFA638E4-C70C-373C-834D-E5043F7764EB}.MinSizeRel|x64.ActiveCfg = MinSizeRel|x64
		{DFA638E4-C70C-373C-834D-E5043F7764EB}.MinSizeRel|x64.Build.0 = MinSizeRel|x64
		{DFA638E4-C70C-373C-834D-E5043F7764EB}.MinSizeRel|x86.ActiveCfg = MinSizeRel|x64
		{DFA638E4-C70C-373C-834D-E5043F7764EB}.Release|x64.ActiveCfg = Release|x64
		{DFA638E4-C70C-373C-834D-E5043F7764EB}.Release|x64.Build.0 = Release|x64
		{DFA638E4-C70C-373C-834D-E5043F7764EB}.Release|x86.ActiveCfg = Release|x64
		{DFA638E4-C70C-373C-834D-E5043F7764EB}.RelWithDebInfo|x64.ActiveCfg = RelWithDebInfo|x64
		{DFA638E4-C70C-373C-834D-E5043F7764EB}.RelWithDebInfo|x64.Build.0 = RelWithDebInfo|x64
		{DFA638E4-C70C-373C-834D-E5043F7764EB}.RelWithDebInfo|x86.ActiveCfg = RelWithDebInfo|x64
	EndGlobalSection
	GlobalSection(SolutionProperties) = preSolution
		HideSolutionNode = FALSE
	EndGlobalSection
EndGlobal
