<?xml version="1.0" encoding="utf-8"?>
<Project ToolsVersion="4.0" xmlns="http://schemas.microsoft.com/developer/msbuild/2003">
  <ItemGroup>
    <Filter Include="Resource Files">
      <UniqueIdentifier>{67DA6AB6-F800-4c08-8B7A-83BB121AAD01}</UniqueIdentifier>
      <Extensions>rc;ico;cur;bmp;dlg;rc2;rct;bin;rgs;gif;jpg;jpeg;jpe;resx;tiff;tif;png;wav;mfcribbon-ms</Extensions>
    </Filter>
    <Filter Include="Scenarios">
      <UniqueIdentifier>{dbf066c6-cba1-438e-aa4c-3f52048a6ee0}</UniqueIdentifier>
    </Filter>
    <Filter Include="GameObjects">
      <UniqueIdentifier>{1a86ce19-67c3-4d90-8497-577da4dc2e29}</UniqueIdentifier>
    </Filter>
    <Filter Include="Utils">
      <UniqueIdentifier>{c273f598-1e57-4d22-87f7-0eb6d7eaacef}</UniqueIdentifier>
    </Filter>
    <Filter Include="Shaders">
      <UniqueIdentifier>{78ba5769-0885-4be8-9229-fdfb6a67a5d3}</UniqueIdentifier>
    </Filter>
    <Filter Include="Core">
      <UniqueIdentifier>{d0ac367a-13eb-4052-8f9c-eae58e461a2e}</UniqueIdentifier>
    </Filter>
    <Filter Include="Textures">
      <UniqueIdentifier>{36ff20fa-7d19-44f4-923d-b85494e9910e}</UniqueIdentifier>
    </Filter>
  </ItemGroup>
  <ItemGroup>
    <ClInclude Include="GravityScenario.h">
      <Filter>Scenarios</Filter>
    </ClInclude>
    <ClInclude Include="Scenario.h">
      <Filter>Scenarios</Filter>
    </ClInclude>
    <ClInclude Include="GameObject.h">
      <Filter>GameObjects</Filter>
    </ClInclude>
    <ClInclude Include="ErrorHandle.h">
      <Filter>Utils</Filter>
    </ClInclude>
    <ClInclude Include="ShaderProgram.h">
      <Filter>Shaders</Filter>
    </ClInclude>
    <ClInclude Include="Simulador.h">
      <Filter>Core</Filter>
    </ClInclude>
    <ClInclude Include="WindowComponent.h">
      <Filter>Core</Filter>
    </ClInclude>
    <ClInclude Include="Cube.h">
      <Filter>GameObjects</Filter>
    </ClInclude>
    <ClInclude Include="Camera.h">
      <Filter>Utils</Filter>
    </ClInclude>
    <ClInclude Include="DiffuseIluminationSource.h">
      <Filter>GameObjects</Filter>
    </ClInclude>
  </ItemGroup>
  <ItemGroup>
    <ClCompile Include="GravityScenario.cpp">
      <Filter>Scenarios</Filter>
    </ClCompile>
    <ClCompile Include="Scenario.cpp">
      <Filter>Scenarios</Filter>
    </ClCompile>
    <ClCompile Include="GameObject.cpp">
      <Filter>GameObjects</Filter>
    </ClCompile>
    <ClCompile Include="ErrorHandle.cpp">
      <Filter>Utils</Filter>
    </ClCompile>
    <ClCompile Include="ShaderProgram.cpp">
      <Filter>Shaders</Filter>
    </ClCompile>
    <ClCompile Include="Simulador.cpp">
      <Filter>Core</Filter>
    </ClCompile>
    <ClCompile Include="WindowComponent.cpp">
      <Filter>Core</Filter>
    </ClCompile>
    <ClCompile Include="main.cpp">
      <Filter>Core</Filter>
    </ClCompile>
    <ClCompile Include="Cube.cpp">
      <Filter>GameObjects</Filter>
    </ClCompile>
    <ClCompile Include="Camera.cpp">
      <Filter>Utils</Filter>
    </ClCompile>
    <ClCompile Include="DiffuseIluminationSource.cpp">
      <Filter>GameObjects</Filter>
    </ClCompile>
  </ItemGroup>
  <ItemGroup>
    <Image Include="Textures\container.jpg">
      <Filter>Textures</Filter>
    </Image>
  </ItemGroup>
  <ItemGroup>
    <None Include="..\x64\Debug\Shaders\colorShading.frag">
      <Filter>Shaders</Filter>
    </None>
    <None Include="..\x64\Debug\Shaders\colorShading.vert">
      <Filter>Shaders</Filter>
    </None>
    <None Include="..\x64\Debug\Shaders\lightShading.frag">
      <Filter>Shaders</Filter>
    </None>
    <None Include="..\x64\Debug\Shaders\lightShading.vert">
      <Filter>Shaders</Filter>
    </None>
  </ItemGroup>
</Project>